
Microsoft Visual Studio Solution File, Format Version 12.00
# Visual Studio Version 17
VisualStudioVersion = 17.3.32804.467
MinimumVisualStudioVersion = 10.0.40219.1
Project("{9A19103F-16F7-4668-BE54-9A1E7A4F7556}") = "Calculator", "Calculator\Calculator.csproj", "{DB43BD8E-C1EB-4703-A438-56272420A595}"
EndProject
Project("{FAE04EC0-301F-11D3-BF4B-00C04F79EFBC}") = "CalculatorLibrary", "CalculatorLibrary\CalculatorLibrary.csproj", "{C7563632-83A4-4B12-970A-E162D7106F17}"
EndProject
Global
	GlobalSection(SolutionConfigurationPlatforms) = preSolution
		Debug|Any CPU = Debug|Any CPU
		Release|Any CPU = Release|Any CPU
	EndGlobalSection
	GlobalSection(ProjectConfigurationPlatforms) = postSolution
		{DB43BD8E-C1EB-4703-A438-56272420A595}.Debug|Any CPU.ActiveCfg = Debug|Any CPU
		{DB43BD8E-C1EB-4703-A438-56272420A595}.Debug|Any CPU.Build.0 = Debug|Any CPU
		{DB43BD8E-C1EB-4703-A438-56272420A595}.Release|Any CPU.ActiveCfg = Release|Any CPU
		{DB43BD8E-C1EB-4703-A438-56272420A595}.Release|Any CPU.Build.0 = Release|Any CPU
		{C7563632-83A4-4B12-970A-E162D7106F17}.Debug|Any CPU.ActiveCfg = Debug|Any CPU
		{C7563632-83A4-4B12-970A-E162D7106F17}.Debug|Any CPU.Build.0 = Debug|Any CPU
		{C7563632-83A4-4B12-970A-E162D7106F17}.Release|Any CPU.ActiveCfg = Release|Any CPU
		{C7563632-83A4-4B12-970A-E162D7106F17}.Release|Any CPU.Build.0 = Release|Any CPU
	EndGlobalSection
	GlobalSection(SolutionProperties) = preSolution
		HideSolutionNode = FALSE
	EndGlobalSection
	GlobalSection(ExtensibilityGlobals) = postSolution
		SolutionGuid = {475EADC8-C8BE-4D27-A172-89924C58BBC9}
	EndGlobalSection
EndGlobal
